
Microsoft Visual Studio Solution File, Format Version 12.00
# Visual Studio 14
VisualStudioVersion = 14.0.25420.1
MinimumVisualStudioVersion = 10.0.40219.1
Project("{FAE04EC0-301F-11D3-BF4B-00C04F79EFBC}") = "InventoryApp", "InventoryApp\InventoryApp.csproj", "{D2A41616-6514-40DA-BB44-52E3D58386FD}"
EndProject
Project("{FAE04EC0-301F-11D3-BF4B-00C04F79EFBC}") = "FurnitureRepository", "FurnitureRepository\FurnitureRepository.csproj", "{5F329990-92C8-4A58-A8F0-5A4831799236}"
EndProject
Project("{FAE04EC0-301F-11D3-BF4B-00C04F79EFBC}") = "FurnitureDB", "FurnitureDB\FurnitureDB.csproj", "{D22AAA8C-32F2-46AB-A16F-FC7935716458}"
EndProject
Global
	GlobalSection(SolutionConfigurationPlatforms) = preSolution
		Debug|Any CPU = Debug|Any CPU
		Release|Any CPU = Release|Any CPU
	EndGlobalSection
	GlobalSection(ProjectConfigurationPlatforms) = postSolution
		{D2A41616-6514-40DA-BB44-52E3D58386FD}.Debug|Any CPU.ActiveCfg = Debug|Any CPU
		{D2A41616-6514-40DA-BB44-52E3D58386FD}.Debug|Any CPU.Build.0 = Debug|Any CPU
		{D2A41616-6514-40DA-BB44-52E3D58386FD}.Release|Any CPU.ActiveCfg = Release|Any CPU
		{D2A41616-6514-40DA-BB44-52E3D58386FD}.Release|Any CPU.Build.0 = Release|Any CPU
		{5F329990-92C8-4A58-A8F0-5A4831799236}.Debug|Any CPU.ActiveCfg = Debug|Any CPU
		{5F329990-92C8-4A58-A8F0-5A4831799236}.Debug|Any CPU.Build.0 = Debug|Any CPU
		{5F329990-92C8-4A58-A8F0-5A4831799236}.Release|Any CPU.ActiveCfg = Release|Any CPU
		{5F329990-92C8-4A58-A8F0-5A4831799236}.Release|Any CPU.Build.0 = Release|Any CPU
		{D22AAA8C-32F2-46AB-A16F-FC7935716458}.Debug|Any CPU.ActiveCfg = Debug|Any CPU
		{D22AAA8C-32F2-46AB-A16F-FC7935716458}.Debug|Any CPU.Build.0 = Debug|Any CPU
		{D22AAA8C-32F2-46AB-A16F-FC7935716458}.Release|Any CPU.ActiveCfg = Release|Any CPU
		{D22AAA8C-32F2-46AB-A16F-FC7935716458}.Release|Any CPU.Build.0 = Release|Any CPU
	EndGlobalSection
	GlobalSection(SolutionProperties) = preSolution
		HideSolutionNode = FALSE
	EndGlobalSection
EndGlobal
